
Microsoft Visual Studio Solution File, Format Version 12.00
# Visual Studio Version 16
VisualStudioVersion = 16.0.31702.278
MinimumVisualStudioVersion = 10.0.40219.1
Project("{8BC9CEB8-8B4A-11D0-8D11-00A0C91BC942}") = "OPenglStuff", "OPenglStuff\OPenglStuff.vcxproj", "{0DA27222-1FB9-406D-AC4C-097940B0F617}"
EndProject
Global
	GlobalSection(SolutionConfigurationPlatforms) = preSolution
		Debug|x64 = Debug|x64
		Debug|x86 = Debug|x86
		Release|x64 = Release|x64
		Release|x86 = Release|x86
	EndGlobalSection
	GlobalSection(ProjectConfigurationPlatforms) = postSolution
		{0DA27222-1FB9-406D-AC4C-097940B0F617}.Debug|x64.ActiveCfg = Debug|x64
		{0DA27222-1FB9-406D-AC4C-097940B0F617}.Debug|x64.Build.0 = Debug|x64
		{0DA27222-1FB9-406D-AC4C-097940B0F617}.Debug|x86.ActiveCfg = Debug|Win32
		{0DA27222-1FB9-406D-AC4C-097940B0F617}.Debug|x86.Build.0 = Debug|Win32
		{0DA27222-1FB9-406D-AC4C-097940B0F617}.Release|x64.ActiveCfg = Release|x64
		{0DA27222-1FB9-406D-AC4C-097940B0F617}.Release|x64.Build.0 = Release|x64
		{0DA27222-1FB9-406D-AC4C-097940B0F617}.Release|x86.ActiveCfg = Release|Win32
		{0DA27222-1FB9-406D-AC4C-097940B0F617}.Release|x86.Build.0 = Release|Win32
	EndGlobalSection
	GlobalSection(SolutionProperties) = preSolution
		HideSolutionNode = FALSE
	EndGlobalSection
	GlobalSection(ExtensibilityGlobals) = postSolution
		SolutionGuid = {A6876190-2F31-4922-8340-B449D0832444}
	EndGlobalSection
EndGlobal
